// !$*UTF8*$!
{
	archiveVersion = 1;
	classes = {
	};
	objectVersion = 77;
	objects = {

/* Begin PBXBuildFile section */
		1374A3296BCB527EEE34A8CE /* AccessibilityMetadataProvider.swift in Sources */ = {isa = PBXBuildFile; fileRef = 8E18E979B02A5E440D77924E /* AccessibilityMetadataProvider.swift */; };
		1739D94D26118EB78B1B7598 /* StatusMenuView.swift in Sources */ = {isa = PBXBuildFile; fileRef = 2B4163AE64E3D7D074701FCC /* StatusMenuView.swift */; };
		26E88B9365440C1A0EBB2401 /* Assets.xcassets in Resources */ = {isa = PBXBuildFile; fileRef = 57DBAADC234A81C14B254516 /* Assets.xcassets */; };
		43A142377BBAB3FFF1CF36C7 /* AudioActivityMonitor.swift in Sources */ = {isa = PBXBuildFile; fileRef = 0749EA236967FF20E57AD97C /* AudioActivityMonitor.swift */; };
		4881C700096CF7591E632C13 /* AppModel.swift in Sources */ = {isa = PBXBuildFile; fileRef = 5A006FF91C37787A13A91D93 /* AppModel.swift */; };
		57C53F2F4C8D282D446ABC56 /* Models.swift in Sources */ = {isa = PBXBuildFile; fileRef = 41B7AE97EC372C0BD54E18DE /* Models.swift */; };
		6CD35CB1AC21DC4CC793A39B /* HUDLayoutTests.swift in Sources */ = {isa = PBXBuildFile; fileRef = CE8B5C5A6EACD14D4A820C38 /* HUDLayoutTests.swift */; };
		747A9206C742279295390E27 /* MeetingStore.swift in Sources */ = {isa = PBXBuildFile; fileRef = E2E0E7DD1BC627C8D91E34AF /* MeetingStore.swift */; };
		7864B4E13F70DD2709A6661E /* MeetingCaptureApp.swift in Sources */ = {isa = PBXBuildFile; fileRef = 18DD35ED00ADD46EF006D7B6 /* MeetingCaptureApp.swift */; };
		82D3DE9DB4907F04E9D9FCEB /* manifest-v1.json in Resources */ = {isa = PBXBuildFile; fileRef = C24D5A489742BE085F4C29D9 /* manifest-v1.json */; };
		8A690EA36CA84061000E9065 /* MeetingStoreTests.swift in Sources */ = {isa = PBXBuildFile; fileRef = 520E01FDA0F33C14B50F579C /* MeetingStoreTests.swift */; };
		8D2D9A51832F876CACD8ABB4 /* AudioFinalizer.swift in Sources */ = {isa = PBXBuildFile; fileRef = BD57CB2B550A57193DEDA1E0 /* AudioFinalizer.swift */; };
		9B5125CE45C59978F8237FDE /* HUDController.swift in Sources */ = {isa = PBXBuildFile; fileRef = 2501C526AE496B370359ED3D /* HUDController.swift */; };
		B736CB6ED892BDC10F34741D /* SystemAudioRecorder.swift in Sources */ = {isa = PBXBuildFile; fileRef = B2608D5C2FB518BB4AD82371 /* SystemAudioRecorder.swift */; };
		C69865E1976D7DDD1827CDB1 /* CaptureCoordinator.swift in Sources */ = {isa = PBXBuildFile; fileRef = 004F3D933EA6D6CF314F97D7 /* CaptureCoordinator.swift */; };
		DDE6096767048E8EE5BFFF8F /* MicrophoneRecorder.swift in Sources */ = {isa = PBXBuildFile; fileRef = C58BFDACDA8AEB550897A658 /* MicrophoneRecorder.swift */; };
/* End PBXBuildFile section */

/* Begin PBXContainerItemProxy section */
		33A2717C1E7150A90206AEA5 /* PBXContainerItemProxy */ = {
			isa = PBXContainerItemProxy;
			containerPortal = F1FE80554FDAE9E2B8EFFD4D /* Project object */;
			proxyType = 1;
			remoteGlobalIDString = 94681A3FDD16295FE80F0BE7;
			remoteInfo = MeetingCapture;
		};
/* End PBXContainerItemProxy section */

/* Begin PBXFileReference section */
		004F3D933EA6D6CF314F97D7 /* CaptureCoordinator.swift */ = {isa = PBXFileReference; lastKnownFileType = sourcecode.swift; path = CaptureCoordinator.swift; sourceTree = "<group>"; };
		0749EA236967FF20E57AD97C /* AudioActivityMonitor.swift */ = {isa = PBXFileReference; lastKnownFileType = sourcecode.swift; path = AudioActivityMonitor.swift; sourceTree = "<group>"; };
		18DD35ED00ADD46EF006D7B6 /* MeetingCaptureApp.swift */ = {isa = PBXFileReference; lastKnownFileType = sourcecode.swift; path = MeetingCaptureApp.swift; sourceTree = "<group>"; };
		2501C526AE496B370359ED3D /* HUDController.swift */ = {isa = PBXFileReference; lastKnownFileType = sourcecode.swift; path = HUDController.swift; sourceTree = "<group>"; };
		2B4163AE64E3D7D074701FCC /* StatusMenuView.swift */ = {isa = PBXFileReference; lastKnownFileType = sourcecode.swift; path = StatusMenuView.swift; sourceTree = "<group>"; };
		41B7AE97EC372C0BD54E18DE /* Models.swift */ = {isa = PBXFileReference; lastKnownFileType = sourcecode.swift; path = Models.swift; sourceTree = "<group>"; };
		520E01FDA0F33C14B50F579C /* MeetingStoreTests.swift */ = {isa = PBXFileReference; lastKnownFileType = sourcecode.swift; path = MeetingStoreTests.swift; sourceTree = "<group>"; };
		57DBAADC234A81C14B254516 /* Assets.xcassets */ = {isa = PBXFileReference; lastKnownFileType = folder.assetcatalog; path = Assets.xcassets; sourceTree = "<group>"; };
		5A006FF91C37787A13A91D93 /* AppModel.swift */ = {isa = PBXFileReference; lastKnownFileType = sourcecode.swift; path = AppModel.swift; sourceTree = "<group>"; };
		8E18E979B02A5E440D77924E /* AccessibilityMetadataProvider.swift */ = {isa = PBXFileReference; lastKnownFileType = sourcecode.swift; path = AccessibilityMetadataProvider.swift; sourceTree = "<group>"; };
		995FD8FEA245DBB08333993E /* MeetingCaptureTests.xctest */ = {isa = PBXFileReference; explicitFileType = wrapper.cfbundle; includeInIndex = 0; path = MeetingCaptureTests.xctest; sourceTree = BUILT_PRODUCTS_DIR; };
		B2608D5C2FB518BB4AD82371 /* SystemAudioRecorder.swift */ = {isa = PBXFileReference; lastKnownFileType = sourcecode.swift; path = SystemAudioRecorder.swift; sourceTree = "<group>"; };
		BD57CB2B550A57193DEDA1E0 /* AudioFinalizer.swift */ = {isa = PBXFileReference; lastKnownFileType = sourcecode.swift; path = AudioFinalizer.swift; sourceTree = "<group>"; };
		C24D5A489742BE085F4C29D9 /* manifest-v1.json */ = {isa = PBXFileReference; lastKnownFileType = text.json; path = "manifest-v1.json"; sourceTree = "<group>"; };
		C58BFDACDA8AEB550897A658 /* MicrophoneRecorder.swift */ = {isa = PBXFileReference; lastKnownFileType = sourcecode.swift; path = MicrophoneRecorder.swift; sourceTree = "<group>"; };
		CE8B5C5A6EACD14D4A820C38 /* HUDLayoutTests.swift */ = {isa = PBXFileReference; lastKnownFileType = sourcecode.swift; path = HUDLayoutTests.swift; sourceTree = "<group>"; };
		E2E0E7DD1BC627C8D91E34AF /* MeetingStore.swift */ = {isa = PBXFileReference; lastKnownFileType = sourcecode.swift; path = MeetingStore.swift; sourceTree = "<group>"; };
		FAF9F6DA2537AD5632D6FF77 /* MeetingCapture.app */ = {isa = PBXFileReference; explicitFileType = wrapper.application; includeInIndex = 0; path = MeetingCapture.app; sourceTree = BUILT_PRODUCTS_DIR; };
/* End PBXFileReference section */

/* Begin PBXGroup section */
		114CD2B3EDF42630C843A5F2 /* Fixtures */ = {
			isa = PBXGroup;
			children = (
				C24D5A489742BE085F4C29D9 /* manifest-v1.json */,
			);
			path = Fixtures;
			sourceTree = "<group>";
		};
		9FC750F119896C2558B7FB16 /* Tests */ = {
			isa = PBXGroup;
			children = (
				CE8B5C5A6EACD14D4A820C38 /* HUDLayoutTests.swift */,
				520E01FDA0F33C14B50F579C /* MeetingStoreTests.swift */,
				114CD2B3EDF42630C843A5F2 /* Fixtures */,
			);
			path = Tests;
			sourceTree = "<group>";
		};
		DCDDE480F4E5DFF73E71C77B /* Sources */ = {
			isa = PBXGroup;
			children = (
				8E18E979B02A5E440D77924E /* AccessibilityMetadataProvider.swift */,
				5A006FF91C37787A13A91D93 /* AppModel.swift */,
				0749EA236967FF20E57AD97C /* AudioActivityMonitor.swift */,
				BD57CB2B550A57193DEDA1E0 /* AudioFinalizer.swift */,
				004F3D933EA6D6CF314F97D7 /* CaptureCoordinator.swift */,
				2501C526AE496B370359ED3D /* HUDController.swift */,
				18DD35ED00ADD46EF006D7B6 /* MeetingCaptureApp.swift */,
				E2E0E7DD1BC627C8D91E34AF /* MeetingStore.swift */,
				C58BFDACDA8AEB550897A658 /* MicrophoneRecorder.swift */,
				41B7AE97EC372C0BD54E18DE /* Models.swift */,
				2B4163AE64E3D7D074701FCC /* StatusMenuView.swift */,
				B2608D5C2FB518BB4AD82371 /* SystemAudioRecorder.swift */,
			);
			path = Sources;
			sourceTree = "<group>";
		};
		F47F605B96B7634CA89917E0 = {
			isa = PBXGroup;
			children = (
				57DBAADC234A81C14B254516 /* Assets.xcassets */,
				DCDDE480F4E5DFF73E71C77B /* Sources */,
				9FC750F119896C2558B7FB16 /* Tests */,
				F60852B1E7101E2172ABBE82 /* Products */,
			);
			sourceTree = "<group>";
		};
		F60852B1E7101E2172ABBE82 /* Products */ = {
			isa = PBXGroup;
			children = (
				FAF9F6DA2537AD5632D6FF77 /* MeetingCapture.app */,
				995FD8FEA245DBB08333993E /* MeetingCaptureTests.xctest */,
			);
			name = Products;
			sourceTree = "<group>";
		};
/* End PBXGroup section */

/* Begin PBXNativeTarget section */
		94681A3FDD16295FE80F0BE7 /* MeetingCapture */ = {
			isa = PBXNativeTarget;
			buildConfigurationList = 5D220AE94C8C8055BCBAD5E7 /* Build configuration list for PBXNativeTarget "MeetingCapture" */;
			buildPhases = (
				F79BED16100AB08D3420D6DF /* Sources */,
				1ADC3015FC9678AD682E987B /* Resources */,
			);
			buildRules = (
			);
			dependencies = (
			);
			name = MeetingCapture;
			packageProductDependencies = (
			);
			productName = MeetingCapture;
			productReference = FAF9F6DA2537AD5632D6FF77 /* MeetingCapture.app */;
			productType = "com.apple.product-type.application";
		};
		A99F52864255EDC0309DD127 /* MeetingCaptureTests */ = {
			isa = PBXNativeTarget;
			buildConfigurationList = 03BB927491B59DDE1E9C4A9C /* Build configuration list for PBXNativeTarget "MeetingCaptureTests" */;
			buildPhases = (
				D531C7B89097CC246EAC99FF /* Sources */,
				094E9EBFA1C26F87C3FCA7D7 /* Resources */,
			);
			buildRules = (
			);
			dependencies = (
				73F4EFCAFD2B3AE2DBD0BA6F /* PBXTargetDependency */,
			);
			name = MeetingCaptureTests;
			packageProductDependencies = (
			);
			productName = MeetingCaptureTests;
			productReference = 995FD8FEA245DBB08333993E /* MeetingCaptureTests.xctest */;
			productType = "com.apple.product-type.bundle.unit-test";
		};
/* End PBXNativeTarget section */

/* Begin PBXProject section */
		F1FE80554FDAE9E2B8EFFD4D /* Project object */ = {
			isa = PBXProject;
			attributes = {
				BuildIndependentTargetsInParallel = YES;
				LastUpgradeCheck = 1430;
				TargetAttributes = {
					94681A3FDD16295FE80F0BE7 = {
						DevelopmentTeam = V458N7266F;
						ProvisioningStyle = Automatic;
					};
					A99F52864255EDC0309DD127 = {
						DevelopmentTeam = V458N7266F;
						ProvisioningStyle = Automatic;
					};
				};
			};
			buildConfigurationList = D587BB835CCB4498CD82F637 /* Build configuration list for PBXProject "MeetingCapture" */;
			compatibilityVersion = "Xcode 14.0";
			developmentRegion = en;
			hasScannedForEncodings = 0;
			knownRegions = (
				Base,
				en,
			);
			mainGroup = F47F605B96B7634CA89917E0;
			minimizedProjectReferenceProxies = 1;
			preferredProjectObjectVersion = 77;
			projectDirPath = "";
			projectRoot = "";
			targets = (
				94681A3FDD16295FE80F0BE7 /* MeetingCapture */,
				A99F52864255EDC0309DD127 /* MeetingCaptureTests */,
			);
		};
/* End PBXProject section */

/* Begin PBXResourcesBuildPhase section */
		094E9EBFA1C26F87C3FCA7D7 /* Resources */ = {
			isa = PBXResourcesBuildPhase;
			buildActionMask = 2147483647;
			files = (
				82D3DE9DB4907F04E9D9FCEB /* manifest-v1.json in Resources */,
			);
			runOnlyForDeploymentPostprocessing = 0;
		};
		1ADC3015FC9678AD682E987B /* Resources */ = {
			isa = PBXResourcesBuildPhase;
			buildActionMask = 2147483647;
			files = (
				26E88B9365440C1A0EBB2401 /* Assets.xcassets in Resources */,
			);
			runOnlyForDeploymentPostprocessing = 0;
		};
/* End PBXResourcesBuildPhase section */

/* Begin PBXSourcesBuildPhase section */
		D531C7B89097CC246EAC99FF /* Sources */ = {
			isa = PBXSourcesBuildPhase;
			buildActionMask = 2147483647;
			files = (
				6CD35CB1AC21DC4CC793A39B /* HUDLayoutTests.swift in Sources */,
				8A690EA36CA84061000E9065 /* MeetingStoreTests.swift in Sources */,
			);
			runOnlyForDeploymentPostprocessing = 0;
		};
		F79BED16100AB08D3420D6DF /* Sources */ = {
			isa = PBXSourcesBuildPhase;
			buildActionMask = 2147483647;
			files = (
				1374A3296BCB527EEE34A8CE /* AccessibilityMetadataProvider.swift in Sources */,
				4881C700096CF7591E632C13 /* AppModel.swift in Sources */,
				43A142377BBAB3FFF1CF36C7 /* AudioActivityMonitor.swift in Sources */,
				8D2D9A51832F876CACD8ABB4 /* AudioFinalizer.swift in Sources */,
				C69865E1976D7DDD1827CDB1 /* CaptureCoordinator.swift in Sources */,
				9B5125CE45C59978F8237FDE /* HUDController.swift in Sources */,
				7864B4E13F70DD2709A6661E /* MeetingCaptureApp.swift in Sources */,
				747A9206C742279295390E27 /* MeetingStore.swift in Sources */,
				DDE6096767048E8EE5BFFF8F /* MicrophoneRecorder.swift in Sources */,
				57C53F2F4C8D282D446ABC56 /* Models.swift in Sources */,
				1739D94D26118EB78B1B7598 /* StatusMenuView.swift in Sources */,
				B736CB6ED892BDC10F34741D /* SystemAudioRecorder.swift in Sources */,
			);
			runOnlyForDeploymentPostprocessing = 0;
		};
/* End PBXSourcesBuildPhase section */

/* Begin PBXTargetDependency section */
		73F4EFCAFD2B3AE2DBD0BA6F /* PBXTargetDependency */ = {
			isa = PBXTargetDependency;
			target = 94681A3FDD16295FE80F0BE7 /* MeetingCapture */;
			targetProxy = 33A2717C1E7150A90206AEA5 /* PBXContainerItemProxy */;
		};
/* End PBXTargetDependency section */

/* Begin XCBuildConfiguration section */
		04ACF4B3FDCC28D79D912F1C /* Release */ = {
			isa = XCBuildConfiguration;
			buildSettings = {
				ALWAYS_SEARCH_USER_PATHS = NO;
				CLANG_ANALYZER_NONNULL = YES;
				CLANG_ANALYZER_NUMBER_OBJECT_CONVERSION = YES_AGGRESSIVE;
				CLANG_CXX_LANGUAGE_STANDARD = "gnu++14";
				CLANG_CXX_LIBRARY = "libc++";
				CLANG_ENABLE_MODULES = YES;
				CLANG_ENABLE_OBJC_ARC = YES;
				CLANG_ENABLE_OBJC_WEAK = YES;
				CLANG_WARN_BLOCK_CAPTURE_AUTORELEASING = YES;
				CLANG_WARN_BOOL_CONVERSION = YES;
				CLANG_WARN_COMMA = YES;
				CLANG_WARN_CONSTANT_CONVERSION = YES;
				CLANG_WARN_DEPRECATED_OBJC_IMPLEMENTATIONS = YES;
				CLANG_WARN_DIRECT_OBJC_ISA_USAGE = YES_ERROR;
				CLANG_WARN_DOCUMENTATION_COMMENTS = YES;
				CLANG_WARN_EMPTY_BODY = YES;
				CLANG_WARN_ENUM_CONVERSION = YES;
				CLANG_WARN_INFINITE_RECURSION = YES;
				CLANG_WARN_INT_CONVERSION = YES;
				CLANG_WARN_NON_LITERAL_NULL_CONVERSION = YES;
				CLANG_WARN_OBJC_IMPLICIT_RETAIN_SELF = YES;
				CLANG_WARN_OBJC_LITERAL_CONVERSION = YES;
				CLANG_WARN_OBJC_ROOT_CLASS = YES_ERROR;
				CLANG_WARN_QUOTED_INCLUDE_IN_FRAMEWORK_HEADER = YES;
				CLANG_WARN_RANGE_LOOP_ANALYSIS = YES;
				CLANG_WARN_STRICT_PROTOTYPES = YES;
				CLANG_WARN_SUSPICIOUS_MOVE = YES;
				CLANG_WARN_UNGUARDED_AVAILABILITY = YES_AGGRESSIVE;
				CLANG_WARN_UNREACHABLE_CODE = YES;
				CLANG_WARN__DUPLICATE_METHOD_MATCH = YES;
				CODE_SIGN_IDENTITY = "Apple Development";
				CODE_SIGN_STYLE = Automatic;
				COPY_PHASE_STRIP = NO;
				DEBUG_INFORMATION_FORMAT = "dwarf-with-dsym";
				DEVELOPMENT_TEAM = V458N7266F;
				ENABLE_NS_ASSERTIONS = NO;
				ENABLE_STRICT_OBJC_MSGSEND = YES;
				GCC_C_LANGUAGE_STANDARD = gnu11;
				GCC_NO_COMMON_BLOCKS = YES;
				GCC_WARN_64_TO_32_BIT_CONVERSION = YES;
				GCC_WARN_ABOUT_RETURN_TYPE = YES_ERROR;
				GCC_WARN_UNDECLARED_SELECTOR = YES;
				GCC_WARN_UNINITIALIZED_AUTOS = YES_AGGRESSIVE;
				GCC_WARN_UNUSED_FUNCTION = YES;
				GCC_WARN_UNUSED_VARIABLE = YES;
				MACOSX_DEPLOYMENT_TARGET = 15.0;
				MTL_ENABLE_DEBUG_INFO = NO;
				MTL_FAST_MATH = YES;
				PRODUCT_NAME = "$(TARGET_NAME)";
				SDKROOT = macosx;
				SWIFT_COMPILATION_MODE = wholemodule;
				SWIFT_OPTIMIZATION_LEVEL = "-O";
				SWIFT_VERSION = 6.0;
			};
			name = Release;
		};
		808EEDE97EED97046306B290 /* Debug */ = {
			isa = XCBuildConfiguration;
			buildSettings = {
				BUNDLE_LOADER = "$(TEST_HOST)";
				COMBINE_HIDPI_IMAGES = YES;
				GENERATE_INFOPLIST_FILE = YES;
				LD_RUNPATH_SEARCH_PATHS = (
					"$(inherited)",
					"@executable_path/../Frameworks",
					"@loader_path/../Frameworks",
				);
				PRODUCT_BUNDLE_IDENTIFIER = ventures.wicked.MeetingCaptureTests;
				SDKROOT = macosx;
				TEST_HOST = "$(BUILT_PRODUCTS_DIR)/MeetingCapture.app/Contents/MacOS/MeetingCapture";
			};
			name = Debug;
		};
		8B71AE480F82EF1BE0DE23EF /* Release */ = {
			isa = XCBuildConfiguration;
			buildSettings = {
				ASSETCATALOG_COMPILER_APPICON_NAME = AppIcon;
				CODE_SIGN_ENTITLEMENTS = MeetingCapture.entitlements;
				COMBINE_HIDPI_IMAGES = YES;
				GENERATE_INFOPLIST_FILE = YES;
				INFOPLIST_KEY_CFBundleDisplayName = "Meeting Capture";
				INFOPLIST_KEY_LSUIElement = YES;
				INFOPLIST_KEY_NSAccessibilityUsageDescription = "Meeting Capture can read meeting titles and participant metadata.";
				INFOPLIST_KEY_NSAudioCaptureUsageDescription = "Meeting Capture records participant audio from meeting applications.";
				INFOPLIST_KEY_NSMicrophoneUsageDescription = "Meeting Capture records your microphone during meetings.";
				LD_RUNPATH_SEARCH_PATHS = (
					"$(inherited)",
					"@executable_path/../Frameworks",
				);
				PRODUCT_BUNDLE_IDENTIFIER = ventures.wicked.MeetingCapture;
				PRODUCT_NAME = MeetingCapture;
				SDKROOT = macosx;
			};
			name = Release;
		};
		9E23BE352ACD269A81A26691 /* Debug */ = {
			isa = XCBuildConfiguration;
			buildSettings = {
				ALWAYS_SEARCH_USER_PATHS = NO;
				CLANG_ANALYZER_NONNULL = YES;
				CLANG_ANALYZER_NUMBER_OBJECT_CONVERSION = YES_AGGRESSIVE;
				CLANG_CXX_LANGUAGE_STANDARD = "gnu++14";
				CLANG_CXX_LIBRARY = "libc++";
				CLANG_ENABLE_MODULES = YES;
				CLANG_ENABLE_OBJC_ARC = YES;
				CLANG_ENABLE_OBJC_WEAK = YES;
				CLANG_WARN_BLOCK_CAPTURE_AUTORELEASING = YES;
				CLANG_WARN_BOOL_CONVERSION = YES;
				CLANG_WARN_COMMA = YES;
				CLANG_WARN_CONSTANT_CONVERSION = YES;
				CLANG_WARN_DEPRECATED_OBJC_IMPLEMENTATIONS = YES;
				CLANG_WARN_DIRECT_OBJC_ISA_USAGE = YES_ERROR;
				CLANG_WARN_DOCUMENTATION_COMMENTS = YES;
				CLANG_WARN_EMPTY_BODY = YES;
				CLANG_WARN_ENUM_CONVERSION = YES;
				CLANG_WARN_INFINITE_RECURSION = YES;
				CLANG_WARN_INT_CONVERSION = YES;
				CLANG_WARN_NON_LITERAL_NULL_CONVERSION = YES;
				CLANG_WARN_OBJC_IMPLICIT_RETAIN_SELF = YES;
				CLANG_WARN_OBJC_LITERAL_CONVERSION = YES;
				CLANG_WARN_OBJC_ROOT_CLASS = YES_ERROR;
				CLANG_WARN_QUOTED_INCLUDE_IN_FRAMEWORK_HEADER = YES;
				CLANG_WARN_RANGE_LOOP_ANALYSIS = YES;
				CLANG_WARN_STRICT_PROTOTYPES = YES;
				CLANG_WARN_SUSPICIOUS_MOVE = YES;
				CLANG_WARN_UNGUARDED_AVAILABILITY = YES_AGGRESSIVE;
				CLANG_WARN_UNREACHABLE_CODE = YES;
				CLANG_WARN__DUPLICATE_METHOD_MATCH = YES;
				CODE_SIGN_IDENTITY = "Apple Development";
				CODE_SIGN_STYLE = Automatic;
				COPY_PHASE_STRIP = NO;
				DEBUG_INFORMATION_FORMAT = dwarf;
				DEVELOPMENT_TEAM = V458N7266F;
				ENABLE_STRICT_OBJC_MSGSEND = YES;
				ENABLE_TESTABILITY = YES;
				GCC_C_LANGUAGE_STANDARD = gnu11;
				GCC_DYNAMIC_NO_PIC = NO;
				GCC_NO_COMMON_BLOCKS = YES;
				GCC_OPTIMIZATION_LEVEL = 0;
				GCC_PREPROCESSOR_DEFINITIONS = (
					"$(inherited)",
					"DEBUG=1",
				);
				GCC_WARN_64_TO_32_BIT_CONVERSION = YES;
				GCC_WARN_ABOUT_RETURN_TYPE = YES_ERROR;
				GCC_WARN_UNDECLARED_SELECTOR = YES;
				GCC_WARN_UNINITIALIZED_AUTOS = YES_AGGRESSIVE;
				GCC_WARN_UNUSED_FUNCTION = YES;
				GCC_WARN_UNUSED_VARIABLE = YES;
				MACOSX_DEPLOYMENT_TARGET = 15.0;
				MTL_ENABLE_DEBUG_INFO = INCLUDE_SOURCE;
				MTL_FAST_MATH = YES;
				ONLY_ACTIVE_ARCH = YES;
				PRODUCT_NAME = "$(TARGET_NAME)";
				SDKROOT = macosx;
				SWIFT_ACTIVE_COMPILATION_CONDITIONS = DEBUG;
				SWIFT_OPTIMIZATION_LEVEL = "-Onone";
				SWIFT_VERSION = 6.0;
			};
			name = Debug;
		};
		B1649F230662FD6BEBF29E52 /* Release */ = {
			isa = XCBuildConfiguration;
			buildSettings = {
				BUNDLE_LOADER = "$(TEST_HOST)";
				COMBINE_HIDPI_IMAGES = YES;
				GENERATE_INFOPLIST_FILE = YES;
				LD_RUNPATH_SEARCH_PATHS = (
					"$(inherited)",
					"@executable_path/../Frameworks",
					"@loader_path/../Frameworks",
				);
				PRODUCT_BUNDLE_IDENTIFIER = ventures.wicked.MeetingCaptureTests;
				SDKROOT = macosx;
				TEST_HOST = "$(BUILT_PRODUCTS_DIR)/MeetingCapture.app/Contents/MacOS/MeetingCapture";
			};
			name = Release;
		};
		C89866A6C642979AF684D9C5 /* Debug */ = {
			isa = XCBuildConfiguration;
			buildSettings = {
				ASSETCATALOG_COMPILER_APPICON_NAME = AppIcon;
				CODE_SIGN_ENTITLEMENTS = MeetingCapture.entitlements;
				COMBINE_HIDPI_IMAGES = YES;
				GENERATE_INFOPLIST_FILE = YES;
				INFOPLIST_KEY_CFBundleDisplayName = "Meeting Capture";
				INFOPLIST_KEY_LSUIElement = YES;
				INFOPLIST_KEY_NSAccessibilityUsageDescription = "Meeting Capture can read meeting titles and participant metadata.";
				INFOPLIST_KEY_NSAudioCaptureUsageDescription = "Meeting Capture records participant audio from meeting applications.";
				INFOPLIST_KEY_NSMicrophoneUsageDescription = "Meeting Capture records your microphone during meetings.";
				LD_RUNPATH_SEARCH_PATHS = (
					"$(inherited)",
					"@executable_path/../Frameworks",
				);
				PRODUCT_BUNDLE_IDENTIFIER = ventures.wicked.MeetingCapture;
				PRODUCT_NAME = MeetingCapture;
				SDKROOT = macosx;
			};
			name = Debug;
		};
/* End XCBuildConfiguration section */

/* Begin XCConfigurationList section */
		03BB927491B59DDE1E9C4A9C /* Build configuration list for PBXNativeTarget "MeetingCaptureTests" */ = {
			isa = XCConfigurationList;
			buildConfigurations = (
				808EEDE97EED97046306B290 /* Debug */,
				B1649F230662FD6BEBF29E52 /* Release */,
			);
			defaultConfigurationIsVisible = 0;
			defaultConfigurationName = Debug;
		};
		5D220AE94C8C8055BCBAD5E7 /* Build configuration list for PBXNativeTarget "MeetingCapture" */ = {
			isa = XCConfigurationList;
			buildConfigurations = (
				C89866A6C642979AF684D9C5 /* Debug */,
				8B71AE480F82EF1BE0DE23EF /* Release */,
			);
			defaultConfigurationIsVisible = 0;
			defaultConfigurationName = Debug;
		};
		D587BB835CCB4498CD82F637 /* Build configuration list for PBXProject "MeetingCapture" */ = {
			isa = XCConfigurationList;
			buildConfigurations = (
				9E23BE352ACD269A81A26691 /* Debug */,
				04ACF4B3FDCC28D79D912F1C /* Release */,
			);
			defaultConfigurationIsVisible = 0;
			defaultConfigurationName = Debug;
		};
/* End XCConfigurationList section */
	};
	rootObject = F1FE80554FDAE9E2B8EFFD4D /* Project object */;
}
